
Microsoft Visual Studio Solution File, Format Version 12.00
# Visual Studio Version 17
VisualStudioVersion = 17.14.36221.1 d17.14
MinimumVisualStudioVersion = 10.0.40219.1
Project("{FAE04EC0-301F-11D3-BF4B-00C04F79EFBC}") = "PurchaseOrder.Api", "PurchaseOrder.Api.csproj", "{B931B8A5-EBF2-42BC-ABA0-8371A49ACC7D}"
EndProject
Global
	GlobalSection(SolutionConfigurationPlatforms) = preSolution
		Debug|Any CPU = Debug|Any CPU
		Release|Any CPU = Release|Any CPU
	EndGlobalSection
	GlobalSection(ProjectConfigurationPlatforms) = postSolution
		{B931B8A5-EBF2-42BC-ABA0-8371A49ACC7D}.Debug|Any CPU.ActiveCfg = Debug|Any CPU
		{B931B8A5-EBF2-42BC-ABA0-8371A49ACC7D}.Debug|Any CPU.Build.0 = Debug|Any CPU
		{B931B8A5-EBF2-42BC-ABA0-8371A49ACC7D}.Release|Any CPU.ActiveCfg = Release|Any CPU
		{B931B8A5-EBF2-42BC-ABA0-8371A49ACC7D}.Release|Any CPU.Build.0 = Release|Any CPU
	EndGlobalSection
	GlobalSection(SolutionProperties) = preSolution
		HideSolutionNode = FALSE
	EndGlobalSection
	GlobalSection(ExtensibilityGlobals) = postSolution
		SolutionGuid = {8ECDA2BF-08F0-411D-B5F6-8DEE128F5FA2}
	EndGlobalSection
EndGlobal
